// !$*UTF8*$!
{
	archiveVersion = 1;
	classes = {
	};
	objectVersion = 56;
	objects = {

/* Begin PBXBuildFile section */
		CCFA69462BA9987000CDE913 /* AppDelegate.swift in Sources */ = {isa = PBXBuildFile; fileRef = CCFA69452BA9987000CDE913 /* AppDelegate.swift */; };
		CCFA69482BA9987000CDE913 /* SceneDelegate.swift in Sources */ = {isa = PBXBuildFile; fileRef = CCFA69472BA9987000CDE913 /* SceneDelegate.swift */; };
		CCFA694A2BA9987000CDE913 /* ViewController.swift in Sources */ = {isa = PBXBuildFile; fileRef = CCFA69492BA9987000CDE913 /* ViewController.swift */; };
		CCFA694D2BA9987000CDE913 /* Base in Resources */ = {isa = PBXBuildFile; fileRef = CCFA694C2BA9987000CDE913 /* Base */; };
		CCFA694F2BA9987200CDE913 /* Assets.xcassets in Resources */ = {isa = PBXBuildFile; fileRef = CCFA694E2BA9987200CDE913 /* Assets.xcassets */; };
		CCFA69522BA9987200CDE913 /* Base in Resources */ = {isa = PBXBuildFile; fileRef = CCFA69512BA9987200CDE913 /* Base */; };
		CCFCE8152BAA9BAB006B43A8 /* locationData.xcdatamodeld in Sources */ = {isa = PBXBuildFile; fileRef = CCFCE8132BAA9BAB006B43A8 /* locationData.xcdatamodeld */; };
		CCFCE8182BAA9BF1006B43A8 /* Entity+CoreDataClass.swift in Sources */ = {isa = PBXBuildFile; fileRef = CCFCE8162BAA9BF1006B43A8 /* Entity+CoreDataClass.swift */; };
		CCFCE8192BAA9BF1006B43A8 /* Entity+CoreDataProperties.swift in Sources */ = {isa = PBXBuildFile; fileRef = CCFCE8172BAA9BF1006B43A8 /* Entity+CoreDataProperties.swift */; };
/* End PBXBuildFile section */

/* Begin PBXFileReference section */
		CCFA69422BA9987000CDE913 /* myApp.app */ = {isa = PBXFileReference; explicitFileType = wrapper.application; includeInIndex = 0; path = myApp.app; sourceTree = BUILT_PRODUCTS_DIR; };
		CCFA69452BA9987000CDE913 /* AppDelegate.swift */ = {isa = PBXFileReference; lastKnownFileType = sourcecode.swift; path = AppDelegate.swift; sourceTree = "<group>"; };
		CCFA69472BA9987000CDE913 /* SceneDelegate.swift */ = {isa = PBXFileReference; lastKnownFileType = sourcecode.swift; path = SceneDelegate.swift; sourceTree = "<group>"; };
		CCFA69492BA9987000CDE913 /* ViewController.swift */ = {isa = PBXFileReference; lastKnownFileType = sourcecode.swift; path = ViewController.swift; sourceTree = "<group>"; };
		CCFA694C2BA9987000CDE913 /* Base */ = {isa = PBXFileReference; lastKnownFileType = file.storyboard; name = Base; path = Base.lproj/Main.storyboard; sourceTree = "<group>"; };
		CCFA694E2BA9987200CDE913 /* Assets.xcassets */ = {isa = PBXFileReference; lastKnownFileType = folder.assetcatalog; path = Assets.xcassets; sourceTree = "<group>"; };
		CCFA69512BA9987200CDE913 /* Base */ = {isa = PBXFileReference; lastKnownFileType = file.storyboard; name = Base; path = Base.lproj/LaunchScreen.storyboard; sourceTree = "<group>"; };
		CCFA69532BA9987200CDE913 /* Info.plist */ = {isa = PBXFileReference; lastKnownFileType = text.plist.xml; path = Info.plist; sourceTree = "<group>"; };
		CCFCE8142BAA9BAB006B43A8 /* locationData.xcdatamodel */ = {isa = PBXFileReference; lastKnownFileType = wrapper.xcdatamodel; path = locationData.xcdatamodel; sourceTree = "<group>"; };
		CCFCE8162BAA9BF1006B43A8 /* Entity+CoreDataClass.swift */ = {isa = PBXFileReference; lastKnownFileType = sourcecode.swift; path = "Entity+CoreDataClass.swift"; sourceTree = "<group>"; };
		CCFCE8172BAA9BF1006B43A8 /* Entity+CoreDataProperties.swift */ = {isa = PBXFileReference; lastKnownFileType = sourcecode.swift; path = "Entity+CoreDataProperties.swift"; sourceTree = "<group>"; };
/* End PBXFileReference section */

/* Begin PBXFrameworksBuildPhase section */
		CCFA693F2BA9987000CDE913 /* Frameworks */ = {
			isa = PBXFrameworksBuildPhase;
			buildActionMask = 2147483647;
			files = (
			);
			runOnlyForDeploymentPostprocessing = 0;
		};
/* End PBXFrameworksBuildPhase section */

/* Begin PBXGroup section */
		CCFA69392BA9987000CDE913 = {
			isa = PBXGroup;
			children = (
				CCFA69442BA9987000CDE913 /* myApp */,
				CCFA69432BA9987000CDE913 /* Products */,
			);
			sourceTree = "<group>";
		};
		CCFA69432BA9987000CDE913 /* Products */ = {
			isa = PBXGroup;
			children = (
				CCFA69422BA9987000CDE913 /* myApp.app */,
			);
			name = Products;
			sourceTree = "<group>";
		};
		CCFA69442BA9987000CDE913 /* myApp */ = {
			isa = PBXGroup;
			children = (
				CCFCE8122BAA9B85006B43A8 /* Data */,
				CCFA69452BA9987000CDE913 /* AppDelegate.swift */,
				CCFA69472BA9987000CDE913 /* SceneDelegate.swift */,
				CCFA69492BA9987000CDE913 /* ViewController.swift */,
				CCFA694B2BA9987000CDE913 /* Main.storyboard */,
				CCFA694E2BA9987200CDE913 /* Assets.xcassets */,
				CCFA69502BA9987200CDE913 /* LaunchScreen.storyboard */,
				CCFA69532BA9987200CDE913 /* Info.plist */,
			);
			path = myApp;
			sourceTree = "<group>";
		};
		CCFCE8122BAA9B85006B43A8 /* Data */ = {
			isa = PBXGroup;
			children = (
				CCFCE8162BAA9BF1006B43A8 /* Entity+CoreDataClass.swift */,
				CCFCE8172BAA9BF1006B43A8 /* Entity+CoreDataProperties.swift */,
				CCFCE8132BAA9BAB006B43A8 /* locationData.xcdatamodeld */,
			);
			path = Data;
			sourceTree = "<group>";
		};
/* End PBXGroup section */

/* Begin PBXNativeTarget section */
		CCFA69412BA9987000CDE913 /* myApp */ = {
			isa = PBXNativeTarget;
			buildConfigurationList = CCFA69562BA9987200CDE913 /* Build configuration list for PBXNativeTarget "myApp" */;
			buildPhases = (
				CCFA693E2BA9987000CDE913 /* Sources */,
				CCFA693F2BA9987000CDE913 /* Frameworks */,
				CCFA69402BA9987000CDE913 /* Resources */,
			);
			buildRules = (
			);
			dependencies = (
			);
			name = myApp;
			productName = myApp;
			productReference = CCFA69422BA9987000CDE913 /* myApp.app */;
			productType = "com.apple.product-type.application";
		};
/* End PBXNativeTarget section */

/* Begin PBXProject section */
		CCFA693A2BA9987000CDE913 /* Project object */ = {
			isa = PBXProject;
			attributes = {
				BuildIndependentTargetsInParallel = 1;
				LastSwiftUpdateCheck = 1530;
				LastUpgradeCheck = 1530;
				TargetAttributes = {
					CCFA69412BA9987000CDE913 = {
						CreatedOnToolsVersion = 15.3;
					};
				};
			};
			buildConfigurationList = CCFA693D2BA9987000CDE913 /* Build configuration list for PBXProject "myApp" */;
			compatibilityVersion = "Xcode 14.0";
			developmentRegion = en;
			hasScannedForEncodings = 0;
			knownRegions = (
				en,
				Base,
			);
			mainGroup = CCFA69392BA9987000CDE913;
			productRefGroup = CCFA69432BA9987000CDE913 /* Products */;
			projectDirPath = "";
			projectRoot = "";
			targets = (
				CCFA69412BA9987000CDE913 /* myApp */,
			);
		};
/* End PBXProject section */

/* Begin PBXResourcesBuildPhase section */
		CCFA69402BA9987000CDE913 /* Resources */ = {
			isa = PBXResourcesBuildPhase;
			buildActionMask = 2147483647;
			files = (
				CCFA694F2BA9987200CDE913 /* Assets.xcassets in Resources */,
				CCFA69522BA9987200CDE913 /* Base in Resources */,
				CCFA694D2BA9987000CDE913 /* Base in Resources */,
			);
			runOnlyForDeploymentPostprocessing = 0;
		};
/* End PBXResourcesBuildPhase section */

/* Begin PBXSourcesBuildPhase section */
		CCFA693E2BA9987000CDE913 /* Sources */ = {
			isa = PBXSourcesBuildPhase;
			buildActionMask = 2147483647;
			files = (
				CCFA694A2BA9987000CDE913 /* ViewController.swift in Sources */,
				CCFA69462BA9987000CDE913 /* AppDelegate.swift in Sources */,
				CCFCE8182BAA9BF1006B43A8 /* Entity+CoreDataClass.swift in Sources */,
				CCFCE8192BAA9BF1006B43A8 /* Entity+CoreDataProperties.swift in Sources */,
				CCFCE8152BAA9BAB006B43A8 /* locationData.xcdatamodeld in Sources */,
				CCFA69482BA9987000CDE913 /* SceneDelegate.swift in Sources */,
			);
			runOnlyForDeploymentPostprocessing = 0;
		};
/* End PBXSourcesBuildPhase section */

/* Begin PBXVariantGroup section */
		CCFA694B2BA9987000CDE913 /* Main.storyboard */ = {
			isa = PBXVariantGroup;
			children = (
				CCFA694C2BA9987000CDE913 /* Base */,
			);
			name = Main.storyboard;
			sourceTree = "<group>";
		};
		CCFA69502BA9987200CDE913 /* LaunchScreen.storyboard */ = {
			isa = PBXVariantGroup;
			children = (
				CCFA69512BA9987200CDE913 /* Base */,
			);
			name = LaunchScreen.storyboard;
			sourceTree = "<group>";
		};
/* End PBXVariantGroup section */

/* Begin XCBuildConfiguration section */
		CCFA69542BA9987200CDE913 /* Debug */ = {
			isa = XCBuildConfiguration;
			buildSettings = {
				ALWAYS_SEARCH_USER_PATHS = NO;
				ASSETCATALOG_COMPILER_GENERATE_SWIFT_ASSET_SYMBOL_EXTENSIONS = YES;
				CLANG_ANALYZER_NONNULL = YES;
				CLANG_ANALYZER_NUMBER_OBJECT_CONVERSION = YES_AGGRESSIVE;
				CLANG_CXX_LANGUAGE_STANDARD = "gnu++20";
				CLANG_ENABLE_MODULES = YES;
				CLANG_ENABLE_OBJC_ARC = YES;
				CLANG_ENABLE_OBJC_WEAK = YES;
				CLANG_WARN_BLOCK_CAPTURE_AUTORELEASING = YES;
				CLANG_WARN_BOOL_CONVERSION = YES;
				CLANG_WARN_COMMA = YES;
				CLANG_WARN_CONSTANT_CONVERSION = YES;
				CLANG_WARN_DEPRECATED_OBJC_IMPLEMENTATIONS = YES;
				CLANG_WARN_DIRECT_OBJC_ISA_USAGE = YES_ERROR;
				CLANG_WARN_DOCUMENTATION_COMMENTS = YES;
				CLANG_WARN_EMPTY_BODY = YES;
				CLANG_WARN_ENUM_CONVERSION = YES;
				CLANG_WARN_INFINITE_RECURSION = YES;
				CLANG_WARN_INT_CONVERSION = YES;
				CLANG_WARN_NON_LITERAL_NULL_CONVERSION = YES;
				CLANG_WARN_OBJC_IMPLICIT_RETAIN_SELF = YES;
				CLANG_WARN_OBJC_LITERAL_CONVERSION = YES;
				CLANG_WARN_OBJC_ROOT_CLASS = YES_ERROR;
				CLANG_WARN_QUOTED_INCLUDE_IN_FRAMEWORK_HEADER = YES;
				CLANG_WARN_RANGE_LOOP_ANALYSIS = YES;
				CLANG_WARN_STRICT_PROTOTYPES = YES;
				CLANG_WARN_SUSPICIOUS_MOVE = YES;
				CLANG_WARN_UNGUARDED_AVAILABILITY = YES_AGGRESSIVE;
				CLANG_WARN_UNREACHABLE_CODE = YES;
				CLANG_WARN__DUPLICATE_METHOD_MATCH = YES;
				COPY_PHASE_STRIP = NO;
				DEBUG_INFORMATION_FORMAT = dwarf;
				ENABLE_STRICT_OBJC_MSGSEND = YES;
				ENABLE_TESTABILITY = YES;
				ENABLE_USER_SCRIPT_SANDBOXING = YES;
				GCC_C_LANGUAGE_STANDARD = gnu17;
				GCC_DYNAMIC_NO_PIC = NO;
				GCC_NO_COMMON_BLOCKS = YES;
				GCC_OPTIMIZATION_LEVEL = 0;
				GCC_PREPROCESSOR_DEFINITIONS = (
					"DEBUG=1",
					"$(inherited)",
				);
				GCC_WARN_64_TO_32_BIT_CONVERSION = YES;
				GCC_WARN_ABOUT_RETURN_TYPE = YES_ERROR;
				GCC_WARN_UNDECLARED_SELECTOR = YES;
				GCC_WARN_UNINITIALIZED_AUTOS = YES_AGGRESSIVE;
				GCC_WARN_UNUSED_FUNCTION = YES;
				GCC_WARN_UNUSED_VARIABLE = YES;
				IPHONEOS_DEPLOYMENT_TARGET = 17.4;
				LOCALIZATION_PREFERS_STRING_CATALOGS = YES;
				MTL_ENABLE_DEBUG_INFO = INCLUDE_SOURCE;
				MTL_FAST_MATH = YES;
				ONLY_ACTIVE_ARCH = YES;
				SDKROOT = iphoneos;
				SWIFT_ACTIVE_COMPILATION_CONDITIONS = "DEBUG $(inherited)";
				SWIFT_OPTIMIZATION_LEVEL = "-Onone";
			};
			name = Debug;
		};
		CCFA69552BA9987200CDE913 /* Release */ = {
			isa = XCBuildConfiguration;
			buildSettings = {
				ALWAYS_SEARCH_USER_PATHS = NO;
				ASSETCATALOG_COMPILER_GENERATE_SWIFT_ASSET_SYMBOL_EXTENSIONS = YES;
				CLANG_ANALYZER_NONNULL = YES;
				CLANG_ANALYZER_NUMBER_OBJECT_CONVERSION = YES_AGGRESSIVE;
				CLANG_CXX_LANGUAGE_STANDARD = "gnu++20";
				CLANG_ENABLE_MODULES = YES;
				CLANG_ENABLE_OBJC_ARC = YES;
				CLANG_ENABLE_OBJC_WEAK = YES;
				CLANG_WARN_BLOCK_CAPTURE_AUTORELEASING = YES;
				CLANG_WARN_BOOL_CONVERSION = YES;
				CLANG_WARN_COMMA = YES;
				CLANG_WARN_CONSTANT_CONVERSION = YES;
				CLANG_WARN_DEPRECATED_OBJC_IMPLEMENTATIONS = YES;
				CLANG_WARN_DIRECT_OBJC_ISA_USAGE = YES_ERROR;
				CLANG_WARN_DOCUMENTATION_COMMENTS = YES;
				CLANG_WARN_EMPTY_BODY = YES;
				CLANG_WARN_ENUM_CONVERSION = YES;
				CLANG_WARN_INFINITE_RECURSION = YES;
				CLANG_WARN_INT_CONVERSION = YES;
				CLANG_WARN_NON_LITERAL_NULL_CONVERSION = YES;
				CLANG_WARN_OBJC_IMPLICIT_RETAIN_SELF = YES;
				CLANG_WARN_OBJC_LITERAL_CONVERSION = YES;
				CLANG_WARN_OBJC_ROOT_CLASS = YES_ERROR;
				CLANG_WARN_QUOTED_INCLUDE_IN_FRAMEWORK_HEADER = YES;
				CLANG_WARN_RANGE_LOOP_ANALYSIS = YES;
				CLANG_WARN_STRICT_PROTOTYPES = YES;
				CLANG_WARN_SUSPICIOUS_MOVE = YES;
				CLANG_WARN_UNGUARDED_AVAILABILITY = YES_AGGRESSIVE;
				CLANG_WARN_UNREACHABLE_CODE = YES;
				CLANG_WARN__DUPLICATE_METHOD_MATCH = YES;
				COPY_PHASE_STRIP = NO;
				DEBUG_INFORMATION_FORMAT = "dwarf-with-dsym";
				ENABLE_NS_ASSERTIONS = NO;
				ENABLE_STRICT_OBJC_MSGSEND = YES;
				ENABLE_USER_SCRIPT_SANDBOXING = YES;
				GCC_C_LANGUAGE_STANDARD = gnu17;
				GCC_NO_COMMON_BLOCKS = YES;
				GCC_WARN_64_TO_32_BIT_CONVERSION = YES;
				GCC_WARN_ABOUT_RETURN_TYPE = YES_ERROR;
				GCC_WARN_UNDECLARED_SELECTOR = YES;
				GCC_WARN_UNINITIALIZED_AUTOS = YES_AGGRESSIVE;
				GCC_WARN_UNUSED_FUNCTION = YES;
				GCC_WARN_UNUSED_VARIABLE = YES;
				IPHONEOS_DEPLOYMENT_TARGET = 17.4;
				LOCALIZATION_PREFERS_STRING_CATALOGS = YES;
				MTL_ENABLE_DEBUG_INFO = NO;
				MTL_FAST_MATH = YES;
				SDKROOT = iphoneos;
				SWIFT_COMPILATION_MODE = wholemodule;
				VALIDATE_PRODUCT = YES;
			};
			name = Release;
		};
		CCFA69572BA9987200CDE913 /* Debug */ = {
			isa = XCBuildConfiguration;
			buildSettings = {
				ASSETCATALOG_COMPILER_APPICON_NAME = AppIcon;
				ASSETCATALOG_COMPILER_GLOBAL_ACCENT_COLOR_NAME = AccentColor;
				CODE_SIGN_STYLE = Automatic;
				CURRENT_PROJECT_VERSION = 1;
				DEVELOPMENT_TEAM = NF4KWKPT2Q;
				GENERATE_INFOPLIST_FILE = YES;
				INFOPLIST_FILE = myApp/Info.plist;
				INFOPLIST_KEY_UIApplicationSupportsIndirectInputEvents = YES;
				INFOPLIST_KEY_UILaunchStoryboardName = LaunchScreen;
				INFOPLIST_KEY_UIMainStoryboardFile = Main;
				INFOPLIST_KEY_UISupportedInterfaceOrientations_iPad = "UIInterfaceOrientationPortrait UIInterfaceOrientationPortraitUpsideDown UIInterfaceOrientationLandscapeLeft UIInterfaceOrientationLandscapeRight";
				INFOPLIST_KEY_UISupportedInterfaceOrientations_iPhone = "UIInterfaceOrientationPortrait UIInterfaceOrientationLandscapeLeft UIInterfaceOrientationLandscapeRight";
				LD_RUNPATH_SEARCH_PATHS = (
					"$(inherited)",
					"@executable_path/Frameworks",
				);
				MARKETING_VERSION = 1.0;
				PRODUCT_BUNDLE_IDENTIFIER = hsu.hansolson.myApp;
				PRODUCT_NAME = "$(TARGET_NAME)";
				SWIFT_EMIT_LOC_STRINGS = YES;
				SWIFT_VERSION = 5.0;
				TARGETED_DEVICE_FAMILY = "1,2";
			};
			name = Debug;
		};
		CCFA69582BA9987200CDE913 /* Release */ = {
			isa = XCBuildConfiguration;
			buildSettings = {
				ASSETCATALOG_COMPILER_APPICON_NAME = AppIcon;
				ASSETCATALOG_COMPILER_GLOBAL_ACCENT_COLOR_NAME = AccentColor;
				CODE_SIGN_STYLE = Automatic;
				CURRENT_PROJECT_VERSION = 1;
				DEVELOPMENT_TEAM = NF4KWKPT2Q;
				GENERATE_INFOPLIST_FILE = YES;
				INFOPLIST_FILE = myApp/Info.plist;
				INFOPLIST_KEY_UIApplicationSupportsIndirectInputEvents = YES;
				INFOPLIST_KEY_UILaunchStoryboardName = LaunchScreen;
				INFOPLIST_KEY_UIMainStoryboardFile = Main;
				INFOPLIST_KEY_UISupportedInterfaceOrientations_iPad = "UIInterfaceOrientationPortrait UIInterfaceOrientationPortraitUpsideDown UIInterfaceOrientationLandscapeLeft UIInterfaceOrientationLandscapeRight";
				INFOPLIST_KEY_UISupportedInterfaceOrientations_iPhone = "UIInterfaceOrientationPortrait UIInterfaceOrientationLandscapeLeft UIInterfaceOrientationLandscapeRight";
				LD_RUNPATH_SEARCH_PATHS = (
					"$(inherited)",
					"@executable_path/Frameworks",
				);
				MARKETING_VERSION = 1.0;
				PRODUCT_BUNDLE_IDENTIFIER = hsu.hansolson.myApp;
				PRODUCT_NAME = "$(TARGET_NAME)";
				SWIFT_EMIT_LOC_STRINGS = YES;
				SWIFT_VERSION = 5.0;
				TARGETED_DEVICE_FAMILY = "1,2";
			};
			name = Release;
		};
/* End XCBuildConfiguration section */

/* Begin XCConfigurationList section */
		CCFA693D2BA9987000CDE913 /* Build configuration list for PBXProject "myApp" */ = {
			isa = XCConfigurationList;
			buildConfigurations = (
				CCFA69542BA9987200CDE913 /* Debug */,
				CCFA69552BA9987200CDE913 /* Release */,
			);
			defaultConfigurationIsVisible = 0;
			defaultConfigurationName = Release;
		};
		CCFA69562BA9987200CDE913 /* Build configuration list for PBXNativeTarget "myApp" */ = {
			isa = XCConfigurationList;
			buildConfigurations = (
				CCFA69572BA9987200CDE913 /* Debug */,
				CCFA69582BA9987200CDE913 /* Release */,
			);
			defaultConfigurationIsVisible = 0;
			defaultConfigurationName = Release;
		};
/* End XCConfigurationList section */

/* Begin XCVersionGroup section */
		CCFCE8132BAA9BAB006B43A8 /* locationData.xcdatamodeld */ = {
			isa = XCVersionGroup;
			children = (
				CCFCE8142BAA9BAB006B43A8 /* locationData.xcdatamodel */,
			);
			currentVersion = CCFCE8142BAA9BAB006B43A8 /* locationData.xcdatamodel */;
			name = locationData.xcdatamodeld;
			path = /Users/Hansol/Documents/XcodeProject/myApp/myApp/Data/locationData.xcdatamodeld;
			sourceTree = "<group>";
			versionGroupType = wrapper.xcdatamodel;
		};
/* End XCVersionGroup section */
	};
	rootObject = CCFA693A2BA9987000CDE913 /* Project object */;
}
